// !$*UTF8*$!
{
	archiveVersion = 1;
	classes = {
	};
	objectVersion = 50;
	objects = {

/* Begin PBXBuildFile section */
		D85544BD20A7C07200E451AD /* AnimationController.swift in Sources */ = {isa = PBXBuildFile; fileRef = D85544BC20A7C07200E451AD /* AnimationController.swift */; };
		D85544C220A7C5E800E451AD /* MenuViewController.swift in Sources */ = {isa = PBXBuildFile; fileRef = D85544C120A7C5E800E451AD /* MenuViewController.swift */; };
		D85544C420A7C5F400E451AD /* AddCardViewController.swift in Sources */ = {isa = PBXBuildFile; fileRef = D85544C320A7C5F400E451AD /* AddCardViewController.swift */; };
		D85544C820A7F08C00E451AD /* SegueButton.swift in Sources */ = {isa = PBXBuildFile; fileRef = D85544C720A7F08C00E451AD /* SegueButton.swift */; };
		D8590C6820ACA18300692A89 /* AdvancedSwift.json in Resources */ = {isa = PBXBuildFile; fileRef = D8590C6720ACA18200692A89 /* AdvancedSwift.json */; };
		D86500EB20AE2F83004A0C48 /* StatView.swift in Sources */ = {isa = PBXBuildFile; fileRef = D86500EA20AE2F83004A0C48 /* StatView.swift */; };
		D86A6C3520B476D800F31363 /* QuestionPackCollectionViewCell.swift in Sources */ = {isa = PBXBuildFile; fileRef = D86A6C3420B476D800F31363 /* QuestionPackCollectionViewCell.swift */; };
		D86ED91B2098D71C0096E332 /* AppDelegate.swift in Sources */ = {isa = PBXBuildFile; fileRef = D86ED91A2098D71C0096E332 /* AppDelegate.swift */; };
		D86ED91D2098D71C0096E332 /* MainViewController.swift in Sources */ = {isa = PBXBuildFile; fileRef = D86ED91C2098D71C0096E332 /* MainViewController.swift */; };
		D86ED9202098D71C0096E332 /* Main.storyboard in Resources */ = {isa = PBXBuildFile; fileRef = D86ED91E2098D71C0096E332 /* Main.storyboard */; };
		D86ED9222098D71D0096E332 /* Assets.xcassets in Resources */ = {isa = PBXBuildFile; fileRef = D86ED9212098D71D0096E332 /* Assets.xcassets */; };
		D86ED9252098D71D0096E332 /* LaunchScreen.storyboard in Resources */ = {isa = PBXBuildFile; fileRef = D86ED9232098D71D0096E332 /* LaunchScreen.storyboard */; };
		D86ED92E2098D8320096E332 /* CardView.swift in Sources */ = {isa = PBXBuildFile; fileRef = D86ED92D2098D8320096E332 /* CardView.swift */; };
		D8C288EF20B4BAA800F28269 /* IntermediateSwift2.json in Resources */ = {isa = PBXBuildFile; fileRef = D8C288EE20B4BAA800F28269 /* IntermediateSwift2.json */; };
		D8CFA62220A356EF00A455E8 /* CodeView.swift in Sources */ = {isa = PBXBuildFile; fileRef = D8CFA62120A356EF00A455E8 /* CodeView.swift */; };
		D8D2E730209F916000722B0B /* CardModel.xcdatamodeld in Sources */ = {isa = PBXBuildFile; fileRef = D8D2E72E209F916000722B0B /* CardModel.xcdatamodeld */; };
		D8D2E732209F916800722B0B /* CoreDataStack.swift in Sources */ = {isa = PBXBuildFile; fileRef = D8D2E731209F916800722B0B /* CoreDataStack.swift */; };
		D8D2E734209F947100722B0B /* CardModel+Convenience.swift in Sources */ = {isa = PBXBuildFile; fileRef = D8D2E733209F947100722B0B /* CardModel+Convenience.swift */; };
		D8D2E736209F961600722B0B /* CardModelController.swift in Sources */ = {isa = PBXBuildFile; fileRef = D8D2E735209F961600722B0B /* CardModelController.swift */; };
		D8D2E73A209F9ECD00722B0B /* BeginnerSwift.json in Resources */ = {isa = PBXBuildFile; fileRef = D8D2E739209F9ECD00722B0B /* BeginnerSwift.json */; };
		D8FA992E20A2B1EE00203639 /* IntermediateSwift.json in Resources */ = {isa = PBXBuildFile; fileRef = D8FA992D20A2B1EE00203639 /* IntermediateSwift.json */; };
		D8FA993120A2BA8800203639 /* ProgrammingTheory.json in Resources */ = {isa = PBXBuildFile; fileRef = D8FA993020A2BA8800203639 /* ProgrammingTheory.json */; };
/* End PBXBuildFile section */

/* Begin PBXFileReference section */
		D85544BC20A7C07200E451AD /* AnimationController.swift */ = {isa = PBXFileReference; lastKnownFileType = sourcecode.swift; path = AnimationController.swift; sourceTree = "<group>"; };
		D85544C120A7C5E800E451AD /* MenuViewController.swift */ = {isa = PBXFileReference; lastKnownFileType = sourcecode.swift; path = MenuViewController.swift; sourceTree = "<group>"; };
		D85544C320A7C5F400E451AD /* AddCardViewController.swift */ = {isa = PBXFileReference; lastKnownFileType = sourcecode.swift; path = AddCardViewController.swift; sourceTree = "<group>"; };
		D85544C720A7F08C00E451AD /* SegueButton.swift */ = {isa = PBXFileReference; lastKnownFileType = sourcecode.swift; path = SegueButton.swift; sourceTree = "<group>"; };
		D8590C6720ACA18200692A89 /* AdvancedSwift.json */ = {isa = PBXFileReference; fileEncoding = 4; lastKnownFileType = text.json; path = AdvancedSwift.json; sourceTree = "<group>"; };
		D86500EA20AE2F83004A0C48 /* StatView.swift */ = {isa = PBXFileReference; lastKnownFileType = sourcecode.swift; path = StatView.swift; sourceTree = "<group>"; };
		D86A6C3420B476D800F31363 /* QuestionPackCollectionViewCell.swift */ = {isa = PBXFileReference; lastKnownFileType = sourcecode.swift; path = QuestionPackCollectionViewCell.swift; sourceTree = "<group>"; };
		D86ED9172098D71C0096E332 /* InterviewQuestions.app */ = {isa = PBXFileReference; explicitFileType = wrapper.application; includeInIndex = 0; path = InterviewQuestions.app; sourceTree = BUILT_PRODUCTS_DIR; };
		D86ED91A2098D71C0096E332 /* AppDelegate.swift */ = {isa = PBXFileReference; lastKnownFileType = sourcecode.swift; path = AppDelegate.swift; sourceTree = "<group>"; };
		D86ED91C2098D71C0096E332 /* MainViewController.swift */ = {isa = PBXFileReference; lastKnownFileType = sourcecode.swift; path = MainViewController.swift; sourceTree = "<group>"; };
		D86ED91F2098D71C0096E332 /* Base */ = {isa = PBXFileReference; lastKnownFileType = file.storyboard; name = Base; path = Base.lproj/Main.storyboard; sourceTree = "<group>"; };
		D86ED9212098D71D0096E332 /* Assets.xcassets */ = {isa = PBXFileReference; lastKnownFileType = folder.assetcatalog; path = Assets.xcassets; sourceTree = "<group>"; };
		D86ED9242098D71D0096E332 /* Base */ = {isa = PBXFileReference; lastKnownFileType = file.storyboard; name = Base; path = Base.lproj/LaunchScreen.storyboard; sourceTree = "<group>"; };
		D86ED9262098D71D0096E332 /* Info.plist */ = {isa = PBXFileReference; lastKnownFileType = text.plist.xml; path = Info.plist; sourceTree = "<group>"; };
		D86ED92D2098D8320096E332 /* CardView.swift */ = {isa = PBXFileReference; lastKnownFileType = sourcecode.swift; path = CardView.swift; sourceTree = "<group>"; };
		D8C288EE20B4BAA800F28269 /* IntermediateSwift2.json */ = {isa = PBXFileReference; fileEncoding = 4; lastKnownFileType = text.json; path = IntermediateSwift2.json; sourceTree = "<group>"; };
		D8CFA62120A356EF00A455E8 /* CodeView.swift */ = {isa = PBXFileReference; lastKnownFileType = sourcecode.swift; path = CodeView.swift; sourceTree = "<group>"; };
		D8D2E72F209F916000722B0B /* CardModel.xcdatamodel */ = {isa = PBXFileReference; lastKnownFileType = wrapper.xcdatamodel; path = CardModel.xcdatamodel; sourceTree = "<group>"; };
		D8D2E731209F916800722B0B /* CoreDataStack.swift */ = {isa = PBXFileReference; lastKnownFileType = sourcecode.swift; path = CoreDataStack.swift; sourceTree = "<group>"; };
		D8D2E733209F947100722B0B /* CardModel+Convenience.swift */ = {isa = PBXFileReference; lastKnownFileType = sourcecode.swift; path = "CardModel+Convenience.swift"; sourceTree = "<group>"; };
		D8D2E735209F961600722B0B /* CardModelController.swift */ = {isa = PBXFileReference; lastKnownFileType = sourcecode.swift; path = CardModelController.swift; sourceTree = "<group>"; };
		D8D2E739209F9ECD00722B0B /* BeginnerSwift.json */ = {isa = PBXFileReference; fileEncoding = 4; lastKnownFileType = text.json; path = BeginnerSwift.json; sourceTree = "<group>"; };
		D8FA992D20A2B1EE00203639 /* IntermediateSwift.json */ = {isa = PBXFileReference; fileEncoding = 4; lastKnownFileType = text.json; path = IntermediateSwift.json; sourceTree = "<group>"; };
		D8FA993020A2BA8800203639 /* ProgrammingTheory.json */ = {isa = PBXFileReference; fileEncoding = 4; lastKnownFileType = text.json; path = ProgrammingTheory.json; sourceTree = "<group>"; };
/* End PBXFileReference section */

/* Begin PBXFrameworksBuildPhase section */
		D86ED9142098D71C0096E332 /* Frameworks */ = {
			isa = PBXFrameworksBuildPhase;
			buildActionMask = 2147483647;
			files = (
			);
			runOnlyForDeploymentPostprocessing = 0;
		};
/* End PBXFrameworksBuildPhase section */

/* Begin PBXGroup section */
		D85544C020A7C5D400E451AD /* MainView */ = {
			isa = PBXGroup;
			children = (
				D86ED91C2098D71C0096E332 /* MainViewController.swift */,
				D86ED92D2098D8320096E332 /* CardView.swift */,
				D8CFA62120A356EF00A455E8 /* CodeView.swift */,
				D85544C720A7F08C00E451AD /* SegueButton.swift */,
			);
			path = MainView;
			sourceTree = "<group>";
		};
		D85544C520A7C60C00E451AD /* MenuView */ = {
			isa = PBXGroup;
			children = (
				D85544C120A7C5E800E451AD /* MenuViewController.swift */,
				D86500EA20AE2F83004A0C48 /* StatView.swift */,
				D86A6C3420B476D800F31363 /* QuestionPackCollectionViewCell.swift */,
			);
			path = MenuView;
			sourceTree = "<group>";
		};
		D85544C620A7C61300E451AD /* AddCardView */ = {
			isa = PBXGroup;
			children = (
				D85544C320A7C5F400E451AD /* AddCardViewController.swift */,
			);
			path = AddCardView;
			sourceTree = "<group>";
		};
		D86ED90E2098D71C0096E332 = {
			isa = PBXGroup;
			children = (
				D86ED9192098D71C0096E332 /* InterviewQuestions */,
				D86ED9182098D71C0096E332 /* Products */,
			);
			sourceTree = "<group>";
		};
		D86ED9182098D71C0096E332 /* Products */ = {
			isa = PBXGroup;
			children = (
				D86ED9172098D71C0096E332 /* InterviewQuestions.app */,
			);
			name = Products;
			sourceTree = "<group>";
		};
		D86ED9192098D71C0096E332 /* InterviewQuestions */ = {
			isa = PBXGroup;
			children = (
				D86ED91A2098D71C0096E332 /* AppDelegate.swift */,
				D8A5ED3C209FCB0B000A5B1E /* Views+Controllers */,
				D8A5ED3E209FCB26000A5B1E /* Model + Controller */,
				D8A5ED3D209FCB1F000A5B1E /* Core Data */,
				D86ED92C2098D7270096E332 /* Resources */,
			);
			path = InterviewQuestions;
			sourceTree = "<group>";
		};
		D86ED92C2098D7270096E332 /* Resources */ = {
			isa = PBXGroup;
			children = (
				D86ED9212098D71D0096E332 /* Assets.xcassets */,
				D86ED9232098D71D0096E332 /* LaunchScreen.storyboard */,
				D86ED9262098D71D0096E332 /* Info.plist */,
				D8FA992F20A2B24300203639 /* QuestionJSONFiles */,
			);
			path = Resources;
			sourceTree = "<group>";
		};
		D8A5ED3C209FCB0B000A5B1E /* Views+Controllers */ = {
			isa = PBXGroup;
			children = (
				D86ED91E2098D71C0096E332 /* Main.storyboard */,
				D85544BC20A7C07200E451AD /* AnimationController.swift */,
				D85544C020A7C5D400E451AD /* MainView */,
				D85544C520A7C60C00E451AD /* MenuView */,
				D85544C620A7C61300E451AD /* AddCardView */,
			);
			path = "Views+Controllers";
			sourceTree = "<group>";
		};
		D8A5ED3D209FCB1F000A5B1E /* Core Data */ = {
			isa = PBXGroup;
			children = (
				D8D2E731209F916800722B0B /* CoreDataStack.swift */,
				D8D2E72E209F916000722B0B /* CardModel.xcdatamodeld */,
			);
			path = "Core Data";
			sourceTree = "<group>";
		};
		D8A5ED3E209FCB26000A5B1E /* Model + Controller */ = {
			isa = PBXGroup;
			children = (
				D8D2E735209F961600722B0B /* CardModelController.swift */,
				D8D2E733209F947100722B0B /* CardModel+Convenience.swift */,
			);
			path = "Model + Controller";
			sourceTree = "<group>";
		};
		D8FA992F20A2B24300203639 /* QuestionJSONFiles */ = {
			isa = PBXGroup;
			children = (
				D8FA993020A2BA8800203639 /* ProgrammingTheory.json */,
				D8D2E739209F9ECD00722B0B /* BeginnerSwift.json */,
				D8FA992D20A2B1EE00203639 /* IntermediateSwift.json */,
				D8C288EE20B4BAA800F28269 /* IntermediateSwift2.json */,
				D8590C6720ACA18200692A89 /* AdvancedSwift.json */,
			);
			path = QuestionJSONFiles;
			sourceTree = "<group>";
		};
/* End PBXGroup section */

/* Begin PBXNativeTarget section */
		D86ED9162098D71C0096E332 /* InterviewQuestions */ = {
			isa = PBXNativeTarget;
			buildConfigurationList = D86ED9292098D71D0096E332 /* Build configuration list for PBXNativeTarget "InterviewQuestions" */;
			buildPhases = (
				D86ED9132098D71C0096E332 /* Sources */,
				D86ED9142098D71C0096E332 /* Frameworks */,
				D86ED9152098D71C0096E332 /* Resources */,
			);
			buildRules = (
			);
			dependencies = (
			);
			name = InterviewQuestions;
			productName = InterviewQuestions;
			productReference = D86ED9172098D71C0096E332 /* InterviewQuestions.app */;
			productType = "com.apple.product-type.application";
		};
/* End PBXNativeTarget section */

/* Begin PBXProject section */
		D86ED90F2098D71C0096E332 /* Project object */ = {
			isa = PBXProject;
			attributes = {
				LastSwiftUpdateCheck = 0930;
				LastUpgradeCheck = 0930;
				ORGANIZATIONNAME = "Joe Lucero";
				TargetAttributes = {
					D86ED9162098D71C0096E332 = {
						CreatedOnToolsVersion = 9.3;
					};
				};
			};
			buildConfigurationList = D86ED9122098D71C0096E332 /* Build configuration list for PBXProject "InterviewQuestions" */;
			compatibilityVersion = "Xcode 9.3";
			developmentRegion = en;
			hasScannedForEncodings = 0;
			knownRegions = (
				en,
				Base,
			);
			mainGroup = D86ED90E2098D71C0096E332;
			productRefGroup = D86ED9182098D71C0096E332 /* Products */;
			projectDirPath = "";
			projectRoot = "";
			targets = (
				D86ED9162098D71C0096E332 /* InterviewQuestions */,
			);
		};
/* End PBXProject section */

/* Begin PBXResourcesBuildPhase section */
		D86ED9152098D71C0096E332 /* Resources */ = {
			isa = PBXResourcesBuildPhase;
			buildActionMask = 2147483647;
			files = (
				D8D2E73A209F9ECD00722B0B /* BeginnerSwift.json in Resources */,
				D8C288EF20B4BAA800F28269 /* IntermediateSwift2.json in Resources */,
				D8FA992E20A2B1EE00203639 /* IntermediateSwift.json in Resources */,
				D86ED9252098D71D0096E332 /* LaunchScreen.storyboard in Resources */,
				D86ED9222098D71D0096E332 /* Assets.xcassets in Resources */,
				D8590C6820ACA18300692A89 /* AdvancedSwift.json in Resources */,
				D8FA993120A2BA8800203639 /* ProgrammingTheory.json in Resources */,
				D86ED9202098D71C0096E332 /* Main.storyboard in Resources */,
			);
			runOnlyForDeploymentPostprocessing = 0;
		};
/* End PBXResourcesBuildPhase section */

/* Begin PBXSourcesBuildPhase section */
		D86ED9132098D71C0096E332 /* Sources */ = {
			isa = PBXSourcesBuildPhase;
			buildActionMask = 2147483647;
			files = (
				D8D2E732209F916800722B0B /* CoreDataStack.swift in Sources */,
				D85544C220A7C5E800E451AD /* MenuViewController.swift in Sources */,
				D8D2E734209F947100722B0B /* CardModel+Convenience.swift in Sources */,
				D86ED91D2098D71C0096E332 /* MainViewController.swift in Sources */,
				D8D2E730209F916000722B0B /* CardModel.xcdatamodeld in Sources */,
				D86500EB20AE2F83004A0C48 /* StatView.swift in Sources */,
				D8D2E736209F961600722B0B /* CardModelController.swift in Sources */,
				D85544C420A7C5F400E451AD /* AddCardViewController.swift in Sources */,
				D86ED92E2098D8320096E332 /* CardView.swift in Sources */,
				D85544BD20A7C07200E451AD /* AnimationController.swift in Sources */,
				D85544C820A7F08C00E451AD /* SegueButton.swift in Sources */,
				D86A6C3520B476D800F31363 /* QuestionPackCollectionViewCell.swift in Sources */,
				D86ED91B2098D71C0096E332 /* AppDelegate.swift in Sources */,
				D8CFA62220A356EF00A455E8 /* CodeView.swift in Sources */,
			);
			runOnlyForDeploymentPostprocessing = 0;
		};
/* End PBXSourcesBuildPhase section */

/* Begin PBXVariantGroup section */
		D86ED91E2098D71C0096E332 /* Main.storyboard */ = {
			isa = PBXVariantGroup;
			children = (
				D86ED91F2098D71C0096E332 /* Base */,
			);
			name = Main.storyboard;
			sourceTree = "<group>";
		};
		D86ED9232098D71D0096E332 /* LaunchScreen.storyboard */ = {
			isa = PBXVariantGroup;
			children = (
				D86ED9242098D71D0096E332 /* Base */,
			);
			name = LaunchScreen.storyboard;
			sourceTree = "<group>";
		};
/* End PBXVariantGroup section */

/* Begin XCBuildConfiguration section */
		D86ED9272098D71D0096E332 /* Debug */ = {
			isa = XCBuildConfiguration;
			buildSettings = {
				ALWAYS_SEARCH_USER_PATHS = NO;
				CLANG_ANALYZER_NONNULL = YES;
				CLANG_ANALYZER_NUMBER_OBJECT_CONVERSION = YES_AGGRESSIVE;
				CLANG_CXX_LANGUAGE_STANDARD = "gnu++14";
				CLANG_CXX_LIBRARY = "libc++";
				CLANG_ENABLE_MODULES = YES;
				CLANG_ENABLE_OBJC_ARC = YES;
				CLANG_ENABLE_OBJC_WEAK = YES;
				CLANG_WARN_BLOCK_CAPTURE_AUTORELEASING = YES;
				CLANG_WARN_BOOL_CONVERSION = YES;
				CLANG_WARN_COMMA = YES;
				CLANG_WARN_CONSTANT_CONVERSION = YES;
				CLANG_WARN_DEPRECATED_OBJC_IMPLEMENTATIONS = YES;
				CLANG_WARN_DIRECT_OBJC_ISA_USAGE = YES_ERROR;
				CLANG_WARN_DOCUMENTATION_COMMENTS = YES;
				CLANG_WARN_EMPTY_BODY = YES;
				CLANG_WARN_ENUM_CONVERSION = YES;
				CLANG_WARN_INFINITE_RECURSION = YES;
				CLANG_WARN_INT_CONVERSION = YES;
				CLANG_WARN_NON_LITERAL_NULL_CONVERSION = YES;
				CLANG_WARN_OBJC_IMPLICIT_RETAIN_SELF = YES;
				CLANG_WARN_OBJC_LITERAL_CONVERSION = YES;
				CLANG_WARN_OBJC_ROOT_CLASS = YES_ERROR;
				CLANG_WARN_RANGE_LOOP_ANALYSIS = YES;
				CLANG_WARN_STRICT_PROTOTYPES = YES;
				CLANG_WARN_SUSPICIOUS_MOVE = YES;
				CLANG_WARN_UNGUARDED_AVAILABILITY = YES_AGGRESSIVE;
				CLANG_WARN_UNREACHABLE_CODE = YES;
				CLANG_WARN__DUPLICATE_METHOD_MATCH = YES;
				CODE_SIGN_IDENTITY = "iPhone Developer";
				COPY_PHASE_STRIP = NO;
				DEBUG_INFORMATION_FORMAT = dwarf;
				ENABLE_STRICT_OBJC_MSGSEND = YES;
				ENABLE_TESTABILITY = YES;
				GCC_C_LANGUAGE_STANDARD = gnu11;
				GCC_DYNAMIC_NO_PIC = NO;
				GCC_NO_COMMON_BLOCKS = YES;
				GCC_OPTIMIZATION_LEVEL = 0;
				GCC_PREPROCESSOR_DEFINITIONS = (
					"DEBUG=1",
					"$(inherited)",
				);
				GCC_WARN_64_TO_32_BIT_CONVERSION = YES;
				GCC_WARN_ABOUT_RETURN_TYPE = YES_ERROR;
				GCC_WARN_UNDECLARED_SELECTOR = YES;
				GCC_WARN_UNINITIALIZED_AUTOS = YES_AGGRESSIVE;
				GCC_WARN_UNUSED_FUNCTION = YES;
				GCC_WARN_UNUSED_VARIABLE = YES;
				IPHONEOS_DEPLOYMENT_TARGET = 11.3;
				MTL_ENABLE_DEBUG_INFO = YES;
				ONLY_ACTIVE_ARCH = YES;
				SDKROOT = iphoneos;
				SWIFT_ACTIVE_COMPILATION_CONDITIONS = DEBUG;
				SWIFT_OPTIMIZATION_LEVEL = "-Onone";
			};
			name = Debug;
		};
		D86ED9282098D71D0096E332 /* Release */ = {
			isa = XCBuildConfiguration;
			buildSettings = {
				ALWAYS_SEARCH_USER_PATHS = NO;
				CLANG_ANALYZER_NONNULL = YES;
				CLANG_ANALYZER_NUMBER_OBJECT_CONVERSION = YES_AGGRESSIVE;
				CLANG_CXX_LANGUAGE_STANDARD = "gnu++14";
				CLANG_CXX_LIBRARY = "libc++";
				CLANG_ENABLE_MODULES = YES;
				CLANG_ENABLE_OBJC_ARC = YES;
				CLANG_ENABLE_OBJC_WEAK = YES;
				CLANG_WARN_BLOCK_CAPTURE_AUTORELEASING = YES;
				CLANG_WARN_BOOL_CONVERSION = YES;
				CLANG_WARN_COMMA = YES;
				CLANG_WARN_CONSTANT_CONVERSION = YES;
				CLANG_WARN_DEPRECATED_OBJC_IMPLEMENTATIONS = YES;
				CLANG_WARN_DIRECT_OBJC_ISA_USAGE = YES_ERROR;
				CLANG_WARN_DOCUMENTATION_COMMENTS = YES;
				CLANG_WARN_EMPTY_BODY = YES;
				CLANG_WARN_ENUM_CONVERSION = YES;
				CLANG_WARN_INFINITE_RECURSION = YES;
				CLANG_WARN_INT_CONVERSION = YES;
				CLANG_WARN_NON_LITERAL_NULL_CONVERSION = YES;
				CLANG_WARN_OBJC_IMPLICIT_RETAIN_SELF = YES;
				CLANG_WARN_OBJC_LITERAL_CONVERSION = YES;
				CLANG_WARN_OBJC_ROOT_CLASS = YES_ERROR;
				CLANG_WARN_RANGE_LOOP_ANALYSIS = YES;
				CLANG_WARN_STRICT_PROTOTYPES = YES;
				CLANG_WARN_SUSPICIOUS_MOVE = YES;
				CLANG_WARN_UNGUARDED_AVAILABILITY = YES_AGGRESSIVE;
				CLANG_WARN_UNREACHABLE_CODE = YES;
				CLANG_WARN__DUPLICATE_METHOD_MATCH = YES;
				CODE_SIGN_IDENTITY = "iPhone Developer";
				COPY_PHASE_STRIP = NO;
				DEBUG_INFORMATION_FORMAT = "dwarf-with-dsym";
				ENABLE_NS_ASSERTIONS = NO;
				ENABLE_STRICT_OBJC_MSGSEND = YES;
				GCC_C_LANGUAGE_STANDARD = gnu11;
				GCC_NO_COMMON_BLOCKS = YES;
				GCC_WARN_64_TO_32_BIT_CONVERSION = YES;
				GCC_WARN_ABOUT_RETURN_TYPE = YES_ERROR;
				GCC_WARN_UNDECLARED_SELECTOR = YES;
				GCC_WARN_UNINITIALIZED_AUTOS = YES_AGGRESSIVE;
				GCC_WARN_UNUSED_FUNCTION = YES;
				GCC_WARN_UNUSED_VARIABLE = YES;
				IPHONEOS_DEPLOYMENT_TARGET = 11.3;
				MTL_ENABLE_DEBUG_INFO = NO;
				SDKROOT = iphoneos;
				SWIFT_COMPILATION_MODE = wholemodule;
				SWIFT_OPTIMIZATION_LEVEL = "-O";
				VALIDATE_PRODUCT = YES;
			};
			name = Release;
		};
		D86ED92A2098D71D0096E332 /* Debug */ = {
			isa = XCBuildConfiguration;
			buildSettings = {
				ASSETCATALOG_COMPILER_APPICON_NAME = AppIcon;
				CODE_SIGN_STYLE = Automatic;
				DEVELOPMENT_TEAM = 53BVAZ8K9G;
				INFOPLIST_FILE = "$(SRCROOT)/InterviewQuestions/Resources/Info.plist";
				LD_RUNPATH_SEARCH_PATHS = (
					"$(inherited)",
					"@executable_path/Frameworks",
				);
				PRODUCT_BUNDLE_IDENTIFIER = com.iOSDevelopr.SwiftCards;
				PRODUCT_NAME = "$(TARGET_NAME)";
				SWIFT_VERSION = 4.0;
				TARGETED_DEVICE_FAMILY = "1,2";
			};
			name = Debug;
		};
		D86ED92B2098D71D0096E332 /* Release */ = {
			isa = XCBuildConfiguration;
			buildSettings = {
				ASSETCATALOG_COMPILER_APPICON_NAME = AppIcon;
				CODE_SIGN_STYLE = Automatic;
				DEVELOPMENT_TEAM = 53BVAZ8K9G;
				INFOPLIST_FILE = "$(SRCROOT)/InterviewQuestions/Resources/Info.plist";
				LD_RUNPATH_SEARCH_PATHS = (
					"$(inherited)",
					"@executable_path/Frameworks",
				);
				PRODUCT_BUNDLE_IDENTIFIER = com.iOSDevelopr.SwiftCards;
				PRODUCT_NAME = "$(TARGET_NAME)";
				SWIFT_VERSION = 4.0;
				TARGETED_DEVICE_FAMILY = "1,2";
			};
			name = Release;
		};
/* End XCBuildConfiguration section */

/* Begin XCConfigurationList section */
		D86ED9122098D71C0096E332 /* Build configuration list for PBXProject "InterviewQuestions" */ = {
			isa = XCConfigurationList;
			buildConfigurations = (
				D86ED9272098D71D0096E332 /* Debug */,
				D86ED9282098D71D0096E332 /* Release */,
			);
			defaultConfigurationIsVisible = 0;
			defaultConfigurationName = Release;
		};
		D86ED9292098D71D0096E332 /* Build configuration list for PBXNativeTarget "InterviewQuestions" */ = {
			isa = XCConfigurationList;
			buildConfigurations = (
				D86ED92A2098D71D0096E332 /* Debug */,
				D86ED92B2098D71D0096E332 /* Release */,
			);
			defaultConfigurationIsVisible = 0;
			defaultConfigurationName = Release;
		};
/* End XCConfigurationList section */

/* Begin XCVersionGroup section */
		D8D2E72E209F916000722B0B /* CardModel.xcdatamodeld */ = {
			isa = XCVersionGroup;
			children = (
				D8D2E72F209F916000722B0B /* CardModel.xcdatamodel */,
			);
			currentVersion = D8D2E72F209F916000722B0B /* CardModel.xcdatamodel */;
			path = CardModel.xcdatamodeld;
			sourceTree = "<group>";
			versionGroupType = wrapper.xcdatamodel;
		};
/* End XCVersionGroup section */
	};
	rootObject = D86ED90F2098D71C0096E332 /* Project object */;
}
